{
  "R": {
    "Version": "4.5.0",
    "Repositories": [
      {
        "Name": "CRAN",
        "URL": "http://cloud.r-project.org"
      }
    ]
  },
  "Packages": {
    "BH": {
      "Package": "BH",
      "Version": "1.87.0-1",
      "Source": "Repository",
      "Requirements": []
    },
    "Brobdingnag": {
      "Package": "Brobdingnag",
      "Version": "1.2-9",
      "Source": "Repository",
      "Requirements": [
        "R",
        "methods",
        "Matrix"
      ]
    },
    "CholWishart": {
      "Package": "CholWishart",
      "Version": "1.1.4",
      "Source": "Repository",
      "Requirements": [
        "R"
      ]
    },
    "MASS": {
      "Package": "MASS",
      "Version": "7.3-65",
      "Source": "Repository",
      "Requirements": [
        "R",
        "grDevices",
        "graphics",
        "stats",
        "utils",
        "methods"
      ]
    },
    "Matrix": {
      "Package": "Matrix",
      "Version": "1.7-3",
      "Source": "Repository",
      "Requirements": [
        "R",
        "methods",
        "grDevices",
        "graphics",
        "grid",
        "lattice",
        "stats",
        "utils"
      ]
    },
    "QuickJSR": {
      "Package": "QuickJSR",
      "Version": "1.7.0",
      "Source": "Repository",
      "Requirements": []
    },
    "R6": {
      "Package": "R6",
      "Version": "2.6.1",
      "Source": "Repository",
      "Requirements": [
        "R"
      ]
    },
    "RColorBrewer": {
      "Package": "RColorBrewer",
      "Version": "1.1-3",
      "Source": "Repository",
      "Requirements": [
        "R"
      ]
    },
    "Rcpp": {
      "Package": "Rcpp",
      "Version": "1.0.14",
      "Source": "Repository",
      "Requirements": [
        "methods",
        "utils"
      ]
    },
    "RcppArmadillo": {
      "Package": "RcppArmadillo",
      "Version": "14.4.2-1",
      "Source": "Repository",
      "Requirements": [
        "R",
        "Rcpp",
        "stats",
        "utils",
        "methods"
      ]
    },
    "RcppEigen": {
      "Package": "RcppEigen",
      "Version": "0.3.4.0.2",
      "Source": "Repository",
      "Requirements": [
        "R",
        "Rcpp",
        "stats",
        "utils"
      ]
    },
    "RcppParallel": {
      "Package": "RcppParallel",
      "Version": "5.1.10",
      "Source": "Repository",
      "Requirements": [
        "R"
      ]
    },
    "RcppProgress": {
      "Package": "RcppProgress",
      "Version": "0.4.2",
      "Source": "Repository",
      "Requirements": []
    },
    "StanHeaders": {
      "Package": "StanHeaders",
      "Version": "2.32.10",
      "Source": "Repository",
      "Requirements": [
        "R",
        "RcppParallel",
        "RcppEigen"
      ]
    },
    "abind": {
      "Package": "abind",
      "Version": "1.4-8",
      "Source": "Repository",
      "Requirements": [
        "R",
        "methods",
        "utils"
      ]
    },
    "askpass": {
      "Package": "askpass",
      "Version": "1.2.1",
      "Source": "Repository",
      "Requirements": [
        "sys"
      ]
    },
    "backports": {
      "Package": "backports",
      "Version": "1.5.0",
      "Source": "Repository",
      "Requirements": [
        "R"
      ]
    },
    "base64enc": {
      "Package": "base64enc",
      "Version": "0.1-3",
      "Source": "Repository",
      "Requirements": [
        "R"
      ]
    },
    "bayesplot": {
      "Package": "bayesplot",
      "Version": "1.12.0",
      "Source": "Repository",
      "Requirements": [
        "R",
        "dplyr",
        "ggplot2",
        "ggridges",
        "glue",
        "posterior",
        "reshape2",
        "rlang",
        "stats",
        "tibble",
        "tidyr",
        "tidyselect",
        "utils"
      ]
    },
    "bridgesampling": {
      "Package": "bridgesampling",
      "Version": "1.1-2",
      "Source": "Repository",
      "Requirements": [
        "R",
        "mvtnorm",
        "Matrix",
        "Brobdingnag",
        "stringr",
        "coda",
        "parallel",
        "scales",
        "utils",
        "methods"
      ]
    },
    "brms": {
      "Package": "brms",
      "Version": "2.22.0",
      "Source": "Repository",
      "Requirements": [
        "R",
        "Rcpp",
        "methods",
        "rstan",
        "ggplot2",
        "loo",
        "posterior",
        "Matrix",
        "mgcv",
        "rstantools",
        "bayesplot",
        "bridgesampling",
        "glue",
        "rlang",
        "future",
        "future.apply",
        "matrixStats",
        "nleqslv",
        "nlme",
        "coda",
        "abind",
        "stats",
        "utils",
        "parallel",
        "grDevices",
        "backports"
      ]
    },
    "callr": {
      "Package": "callr",
      "Version": "3.7.6",
      "Source": "Repository",
      "Requirements": [
        "R",
        "processx",
        "R6",
        "utils"
      ]
    },
    "checkmate": {
      "Package": "checkmate",
      "Version": "2.3.2",
      "Source": "Repository",
      "Requirements": [
        "R",
        "backports",
        "utils"
      ]
    },
    "cli": {
      "Package": "cli",
      "Version": "3.6.5",
      "Source": "Repository",
      "Requirements": [
        "R",
        "utils"
      ]
    },
    "coda": {
      "Package": "coda",
      "Version": "0.19-4.1",
      "Source": "Repository",
      "Requirements": [
        "R",
        "lattice"
      ]
    },
    "codetools": {
      "Package": "codetools",
      "Version": "0.2-20",
      "Source": "Repository",
      "Requirements": [
        "R"
      ]
    },
    "cpp11": {
      "Package": "cpp11",
      "Version": "0.5.2",
      "Source": "Repository",
      "Requirements": [
        "R"
      ]
    },
    "desc": {
      "Package": "desc",
      "Version": "1.4.3",
      "Source": "Repository",
      "Requirements": [
        "R",
        "cli",
        "R6",
        "utils"
      ]
    },
    "digest": {
      "Package": "digest",
      "Version": "0.6.37",
      "Source": "Repository",
      "Requirements": [
        "R",
        "utils"
      ]
    },
    "distributional": {
      "Package": "distributional",
      "Version": "0.5.0",
      "Source": "Repository",
      "Requirements": [
        "vctrs",
        "rlang",
        "generics",
        "stats",
        "numDeriv",
        "utils",
        "lifecycle",
        "pillar"
      ]
    },
    "dplyr": {
      "Package": "dplyr",
      "Version": "1.1.4",
      "Source": "Repository",
      "Requirements": [
        "R",
        "cli",
        "generics",
        "glue",
        "lifecycle",
        "magrittr",
        "methods",
        "pillar",
        "R6",
        "rlang",
        "tibble",
        "tidyselect",
        "utils",
        "vctrs"
      ]
    },
    "extraDistr": {
      "Package": "extraDistr",
      "Version": "1.10.0",
      "Source": "Repository",
      "Requirements": [
        "R",
        "Rcpp"
      ]
    },
    "fansi": {
      "Package": "fansi",
      "Version": "1.0.6",
      "Source": "Repository",
      "Requirements": [
        "R",
        "grDevices",
        "utils"
      ]
    },
    "farver": {
      "Package": "farver",
      "Version": "2.1.2",
      "Source": "Repository",
      "Requirements": []
    },
    "fastmap": {
      "Package": "fastmap",
      "Version": "1.2.0",
      "Source": "Repository",
      "Requirements": []
    },
    "fontBitstreamVera": {
      "Package": "fontBitstreamVera",
      "Version": "0.1.1",
      "Source": "Repository",
      "Requirements": [
        "R"
      ]
    },
    "fontLiberation": {
      "Package": "fontLiberation",
      "Version": "0.1.0",
      "Source": "Repository",
      "Requirements": [
        "R"
      ]
    },
    "fontquiver": {
      "Package": "fontquiver",
      "Version": "0.2.1",
      "Source": "Repository",
      "Requirements": [
        "R",
        "fontBitstreamVera",
        "fontLiberation"
      ]
    },
    "future": {
      "Package": "future",
      "Version": "1.40.0",
      "Source": "Repository",
      "Requirements": [
        "R",
        "digest",
        "globals",
        "listenv",
        "parallel",
        "parallelly",
        "utils"
      ]
    },
    "future.apply": {
      "Package": "future.apply",
      "Version": "1.11.3",
      "Source": "Repository",
      "Requirements": [
        "R",
        "future",
        "globals",
        "parallel",
        "utils"
      ]
    },
    "gdtools": {
      "Package": "gdtools",
      "Version": "0.4.2",
      "Source": "Repository",
      "Requirements": [
        "R",
        "fontquiver",
        "htmltools",
        "Rcpp",
        "systemfonts",
        "tools"
      ]
    },
    "generics": {
      "Package": "generics",
      "Version": "0.1.4",
      "Source": "Repository",
      "Requirements": [
        "R",
        "methods"
      ]
    },
    "ggplot2": {
      "Package": "ggplot2",
      "Version": "3.5.2",
      "Source": "Repository",
      "Requirements": [
        "R",
        "cli",
        "glue",
        "grDevices",
        "grid",
        "gtable",
        "isoband",
        "lifecycle",
        "MASS",
        "mgcv",
        "rlang",
        "scales",
        "stats",
        "tibble",
        "vctrs",
        "withr"
      ]
    },
    "ggridges": {
      "Package": "ggridges",
      "Version": "0.5.6",
      "Source": "Repository",
      "Requirements": [
        "R",
        "ggplot2",
        "grid",
        "scales",
        "withr"
      ]
    },
    "globals": {
      "Package": "globals",
      "Version": "0.17.0",
      "Source": "Repository",
      "Requirements": [
        "R",
        "codetools"
      ]
    },
    "glue": {
      "Package": "glue",
      "Version": "1.8.0",
      "Source": "Repository",
      "Requirements": [
        "R",
        "methods"
      ]
    },
    "gridExtra": {
      "Package": "gridExtra",
      "Version": "2.3",
      "Source": "Repository",
      "Requirements": [
        "gtable",
        "grid",
        "grDevices",
        "graphics",
        "utils"
      ]
    },
    "gridGraphics": {
      "Package": "gridGraphics",
      "Version": "0.5-1",
      "Source": "Repository",
      "Requirements": [
        "grid",
        "graphics",
        "grDevices"
      ]
    },
    "gtable": {
      "Package": "gtable",
      "Version": "0.3.6",
      "Source": "Repository",
      "Requirements": [
        "R",
        "cli",
        "glue",
        "grid",
        "lifecycle",
        "rlang",
        "stats"
      ]
    },
    "htmltools": {
      "Package": "htmltools",
      "Version": "0.5.8.1",
      "Source": "Repository",
      "Requirements": [
        "R",
        "base64enc",
        "digest",
        "fastmap",
        "grDevices",
        "rlang",
        "utils"
      ]
    },
    "igraph": {
      "Package": "igraph",
      "Version": "2.1.4",
      "Source": "Repository",
      "Requirements": [
        "methods",
        "R",
        "cli",
        "graphics",
        "grDevices",
        "lifecycle",
        "magrittr",
        "Matrix",
        "pkgconfig",
        "rlang",
        "stats",
        "utils",
        "vctrs",
        "cpp11"
      ]
    },
    "inline": {
      "Package": "inline",
      "Version": "0.3.21",
      "Source": "Repository",
      "Requirements": [
        "methods"
      ]
    },
    "isoband": {
      "Package": "isoband",
      "Version": "0.2.7",
      "Source": "Repository",
      "Requirements": [
        "grid",
        "utils"
      ]
    },
    "jaspBase": {
      "Package": "jaspBase",
      "Version": "0.20.0",
      "Source": "GitHub",
      "Requirements": [
        "cli",
        "codetools",
        "ggplot2",
        "gridExtra",
        "gridGraphics",
        "jaspGraphs",
        "jsonlite",
        "lifecycle",
        "officer",
        "pkgbuild",
        "plyr",
        "ragg",
        "R6",
        "Rcpp",
        "rvg",
        "svglite",
        "systemfonts",
        "withr",
        "testthat"
      ],
      "RemoteType": "github",
      "RemoteHost": "api.github.com",
      "RemoteRepo": "jaspBase",
      "RemoteSha": "812b3eb26892da316a4bda6dc2e247f8ff194596"
    },
    "jaspGraphs": {
      "Package": "jaspGraphs",
      "Version": "0.20.0",
      "Source": "GitHub",
      "Requirements": [
        "testthat",
        "ggplot2",
        "gridExtra",
        "gtable",
        "lifecycle",
        "jsonlite",
        "R6",
        "RColorBrewer",
        "rlang",
        "scales",
        "viridisLite"
      ],
      "RemoteType": "github",
      "RemoteHost": "api.github.com",
      "RemoteRepo": "jaspGraphs",
      "RemoteSha": "78cc4121563962922e48513d1f27e10510263e8a"
    },
    "jsonlite": {
      "Package": "jsonlite",
      "Version": "2.0.0",
      "Source": "Repository",
      "Requirements": [
        "methods"
      ]
    },
    "labeling": {
      "Package": "labeling",
      "Version": "0.4.3",
      "Source": "Repository",
      "Requirements": [
        "stats",
        "graphics"
      ]
    },
    "lattice": {
      "Package": "lattice",
      "Version": "0.22-6",
      "Source": "Repository",
      "Requirements": [
        "R",
        "grid",
        "grDevices",
        "graphics",
        "stats",
        "utils"
      ]
    },
    "lifecycle": {
      "Package": "lifecycle",
      "Version": "1.0.4",
      "Source": "Repository",
      "Requirements": [
        "R",
        "cli",
        "glue",
        "rlang"
      ]
    },
    "listenv": {
      "Package": "listenv",
      "Version": "0.9.1",
      "Source": "Repository",
      "Requirements": [
        "R"
      ]
    },
    "loo": {
      "Package": "loo",
      "Version": "2.8.0",
      "Source": "Repository",
      "Requirements": [
        "R",
        "checkmate",
        "matrixStats",
        "parallel",
        "posterior",
        "stats"
      ]
    },
    "magrittr": {
      "Package": "magrittr",
      "Version": "2.0.3",
      "Source": "Repository",
      "Requirements": [
        "R"
      ]
    },
    "matrixStats": {
      "Package": "matrixStats",
      "Version": "1.5.0",
      "Source": "Repository",
      "Requirements": [
        "R"
      ]
    },
    "matrixcalc": {
      "Package": "matrixcalc",
      "Version": "1.0-6",
      "Source": "Repository",
      "Requirements": [
        "R"
      ]
    },
    "mgcv": {
      "Package": "mgcv",
      "Version": "1.9-1",
      "Source": "Repository",
      "Requirements": [
        "R",
        "nlme",
        "methods",
        "stats",
        "graphics",
        "Matrix",
        "splines",
        "utils"
      ]
    },
    "mvnfast": {
      "Package": "mvnfast",
      "Version": "0.2.8",
      "Source": "Repository",
      "Requirements": [
        "Rcpp",
        "RcppArmadillo",
        "BH"
      ]
    },
    "mvtnorm": {
      "Package": "mvtnorm",
      "Version": "1.3-3",
      "Source": "Repository",
      "Requirements": [
        "R",
        "stats"
      ]
    },
    "nleqslv": {
      "Package": "nleqslv",
      "Version": "3.3.5",
      "Source": "Repository",
      "Requirements": []
    },
    "nlme": {
      "Package": "nlme",
      "Version": "3.1-168",
      "Source": "Repository",
      "Requirements": [
        "R",
        "graphics",
        "stats",
        "utils",
        "lattice"
      ]
    },
    "numDeriv": {
      "Package": "numDeriv",
      "Version": "2016.8-1.1",
      "Source": "Repository",
      "Requirements": [
        "R"
      ]
    },
    "officer": {
      "Package": "officer",
      "Version": "0.6.8",
      "Source": "Repository",
      "Requirements": [
        "cli",
        "graphics",
        "grDevices",
        "openssl",
        "R6",
        "ragg",
        "stats",
        "utils",
        "uuid",
        "xml2",
        "zip"
      ]
    },
    "openssl": {
      "Package": "openssl",
      "Version": "2.3.3",
      "Source": "Repository",
      "Requirements": [
        "askpass"
      ]
    },
    "parallelly": {
      "Package": "parallelly",
      "Version": "1.43.0",
      "Source": "Repository",
      "Requirements": [
        "parallel",
        "tools",
        "utils"
      ]
    },
    "pillar": {
      "Package": "pillar",
      "Version": "1.10.2",
      "Source": "Repository",
      "Requirements": [
        "cli",
        "glue",
        "lifecycle",
        "rlang",
        "utf8",
        "utils",
        "vctrs"
      ]
    },
    "pkgbuild": {
      "Package": "pkgbuild",
      "Version": "1.4.7",
      "Source": "Repository",
      "Requirements": [
        "R",
        "callr",
        "cli",
        "desc",
        "processx",
        "R6"
      ]
    },
    "pkgconfig": {
      "Package": "pkgconfig",
      "Version": "2.0.3",
      "Source": "Repository",
      "Requirements": [
        "utils"
      ]
    },
    "plyr": {
      "Package": "plyr",
      "Version": "1.8.9",
      "Source": "Repository",
      "Requirements": [
        "R",
        "Rcpp"
      ]
    },
    "posterior": {
      "Package": "posterior",
      "Version": "1.6.1",
      "Source": "Repository",
      "Requirements": [
        "R",
        "methods",
        "abind",
        "checkmate",
        "rlang",
        "stats",
        "tibble",
        "vctrs",
        "tensorA",
        "pillar",
        "distributional",
        "parallel",
        "matrixStats"
      ]
    },
    "processx": {
      "Package": "processx",
      "Version": "3.8.6",
      "Source": "Repository",
      "Requirements": [
        "R",
        "ps",
        "R6",
        "utils"
      ]
    },
    "ps": {
      "Package": "ps",
      "Version": "1.9.1",
      "Source": "Repository",
      "Requirements": [
        "R",
        "utils"
      ]
    },
    "purrr": {
      "Package": "purrr",
      "Version": "1.0.4",
      "Source": "Repository",
      "Requirements": [
        "R",
        "cli",
        "lifecycle",
        "magrittr",
        "rlang",
        "vctrs"
      ]
    },
    "ragg": {
      "Package": "ragg",
      "Version": "1.4.0",
      "Source": "Repository",
      "Requirements": [
        "systemfonts",
        "textshaping"
      ]
    },
    "remify": {
      "Package": "remify",
      "Version": "3.2.8",
      "Source": "Repository",
      "Requirements": [
        "R",
        "Rcpp",
        "igraph",
        "RcppArmadillo"
      ]
    },
    "remstats": {
      "Package": "remstats",
      "Version": "3.2.4",
      "Source": "Repository",
      "Requirements": [
        "R",
        "Rcpp",
        "stats",
        "graphics",
        "grDevices",
        "RcppArmadillo",
        "RcppProgress"
      ]
    },
    "remstimate": {
      "Package": "remstimate",
      "Version": "2.3.13",
      "Source": "Repository",
      "Requirements": [
        "R",
        "methods",
        "Rcpp",
        "remify",
        "trust",
        "remstats",
        "mvnfast",
        "RcppArmadillo"
      ]
    },
    "reshape2": {
      "Package": "reshape2",
      "Version": "1.4.4",
      "Source": "Repository",
      "Requirements": [
        "R",
        "plyr",
        "Rcpp",
        "stringr"
      ]
    },
    "rlang": {
      "Package": "rlang",
      "Version": "1.1.6",
      "Source": "Repository",
      "Requirements": [
        "R",
        "utils"
      ]
    },
    "rstan": {
      "Package": "rstan",
      "Version": "2.32.7",
      "Source": "Repository",
      "Requirements": [
        "R",
        "StanHeaders",
        "methods",
        "stats4",
        "inline",
        "gridExtra",
        "Rcpp",
        "RcppParallel",
        "loo",
        "pkgbuild",
        "QuickJSR",
        "ggplot2",
        "RcppEigen",
        "BH"
      ]
    },
    "rstantools": {
      "Package": "rstantools",
      "Version": "2.4.0",
      "Source": "Repository",
      "Requirements": [
        "desc",
        "stats",
        "utils",
        "Rcpp",
        "RcppParallel"
      ]
    },
    "rvg": {
      "Package": "rvg",
      "Version": "0.3.5",
      "Source": "Repository",
      "Requirements": [
        "R",
        "grDevices",
        "Rcpp",
        "officer",
        "gdtools",
        "xml2",
        "rlang"
      ]
    },
    "scales": {
      "Package": "scales",
      "Version": "1.4.0",
      "Source": "Repository",
      "Requirements": [
        "R",
        "cli",
        "farver",
        "glue",
        "labeling",
        "lifecycle",
        "R6",
        "RColorBrewer",
        "rlang",
        "viridisLite"
      ]
    },
    "shrinkem": {
      "Package": "shrinkem",
      "Version": "0.2.0",
      "Source": "GitHub",
      "Requirements": [
        "mvtnorm",
        "extraDistr",
        "brms",
        "CholWishart",
        "matrixcalc",
        "testthat"
      ],
      "RemoteType": "github",
      "RemoteHost": "api.github.com",
      "RemoteUsername": "jomulder",
      "RemoteRepo": "shrinkem",
      "RemoteSha": "57906f72da7fbaca6491e53861b49e0d43b8c10e"
    },
    "stringi": {
      "Package": "stringi",
      "Version": "1.8.7",
      "Source": "Repository",
      "Requirements": [
        "R",
        "tools",
        "utils",
        "stats"
      ]
    },
    "stringr": {
      "Package": "stringr",
      "Version": "1.5.1",
      "Source": "Repository",
      "Requirements": [
        "R",
        "cli",
        "glue",
        "lifecycle",
        "magrittr",
        "rlang",
        "stringi",
        "vctrs"
      ]
    },
    "svglite": {
      "Package": "svglite",
      "Version": "2.2.1",
      "Source": "Repository",
      "Requirements": [
        "R",
        "systemfonts",
        "cpp11"
      ]
    },
    "sys": {
      "Package": "sys",
      "Version": "3.4.3",
      "Source": "Repository",
      "Requirements": []
    },
    "systemfonts": {
      "Package": "systemfonts",
      "Version": "1.2.3",
      "Source": "Repository",
      "Requirements": [
        "R",
        "base64enc",
        "grid",
        "jsonlite",
        "lifecycle",
        "tools",
        "utils",
        "cpp11"
      ]
    },
    "tensorA": {
      "Package": "tensorA",
      "Version": "0.36.2.1",
      "Source": "Repository",
      "Requirements": [
        "R",
        "stats"
      ]
    },
    "textshaping": {
      "Package": "textshaping",
      "Version": "1.0.1",
      "Source": "Repository",
      "Requirements": [
        "R",
        "lifecycle",
        "stats",
        "stringi",
        "systemfonts",
        "utils",
        "cpp11"
      ]
    },
    "tibble": {
      "Package": "tibble",
      "Version": "3.2.1",
      "Source": "Repository",
      "Requirements": [
        "R",
        "fansi",
        "lifecycle",
        "magrittr",
        "methods",
        "pillar",
        "pkgconfig",
        "rlang",
        "utils",
        "vctrs"
      ]
    },
    "tidyr": {
      "Package": "tidyr",
      "Version": "1.3.1",
      "Source": "Repository",
      "Requirements": [
        "R",
        "cli",
        "dplyr",
        "glue",
        "lifecycle",
        "magrittr",
        "purrr",
        "rlang",
        "stringr",
        "tibble",
        "tidyselect",
        "utils",
        "vctrs",
        "cpp11"
      ]
    },
    "tidyr": {
      "Package": "tidyr",
      "Version": "1.3.1",
      "Source": "Repository",
      "Title": "Tidy Messy Data",
      "Authors@R": "c( person(\"Hadley\", \"Wickham\", , \"hadley@posit.co\", role = c(\"aut\", \"cre\")), person(\"Davis\", \"Vaughan\", , \"davis@posit.co\", role = \"aut\"), person(\"Maximilian\", \"Girlich\", role = \"aut\"), person(\"Kevin\", \"Ushey\", , \"kevin@posit.co\", role = \"ctb\"), person(\"Posit Software, PBC\", role = c(\"cph\", \"fnd\")) )",
      "Description": "Tools to help to create tidy data, where each column is a variable, each row is an observation, and each cell contains a single value.  'tidyr' contains tools for changing the shape (pivoting) and hierarchy (nesting and 'unnesting') of a dataset, turning deeply nested lists into rectangular data frames ('rectangling'), and extracting values out of string columns. It also includes tools for working with missing values (both implicit and explicit).",
      "License": "MIT + file LICENSE",
      "URL": "https://tidyr.tidyverse.org, https://github.com/tidyverse/tidyr",
      "BugReports": "https://github.com/tidyverse/tidyr/issues",
      "Depends": [
        "R (>= 3.6)"
      ],
      "Imports": [
        "cli (>= 3.4.1)",
        "dplyr (>= 1.0.10)",
        "glue",
        "lifecycle (>= 1.0.3)",
        "magrittr",
        "purrr (>= 1.0.1)",
        "rlang (>= 1.1.1)",
        "stringr (>= 1.5.0)",
        "tibble (>= 2.1.1)",
        "tidyselect (>= 1.2.0)",
        "utils",
        "vctrs (>= 0.5.2)"
      ],
      "Suggests": [
        "covr",
        "data.table",
        "knitr",
        "readr",
        "repurrrsive (>= 1.1.0)",
        "rmarkdown",
        "testthat (>= 3.0.0)"
      ],
      "LinkingTo": [
        "cpp11 (>= 0.4.0)"
      ],
      "VignetteBuilder": "knitr",
      "Config/Needs/website": "tidyverse/tidytemplate",
      "Config/testthat/edition": "3",
      "Encoding": "UTF-8",
      "LazyData": "true",
      "RoxygenNote": "7.3.0",
      "NeedsCompilation": "yes",
      "Author": "Hadley Wickham [aut, cre], Davis Vaughan [aut], Maximilian Girlich [aut], Kevin Ushey [ctb], Posit Software, PBC [cph, fnd]",
      "Maintainer": "Hadley Wickham <hadley@posit.co>",
      "Repository": "CRAN"
    },
    "tidyselect": {
      "Package": "tidyselect",
      "Version": "1.2.1",
      "Source": "Repository",
      "Requirements": [
        "R",
        "cli",
        "glue",
        "lifecycle",
        "rlang",
        "vctrs",
        "withr"
      ]
    },
    "trust": {
      "Package": "trust",
      "Version": "0.1-8",
      "Source": "Repository",
      "Requirements": [
        "R",
        "stats"
      ]
    },
    "utf8": {
      "Package": "utf8",
      "Version": "1.2.5",
      "Source": "Repository",
      "Requirements": [
        "R"
      ]
    },
    "uuid": {
      "Package": "uuid",
      "Version": "1.2-1",
      "Source": "Repository",
      "Requirements": [
        "R"
      ]
    },
    "vctrs": {
      "Package": "vctrs",
      "Version": "0.6.5",
      "Source": "Repository",
      "Requirements": [
        "R",
        "cli",
        "glue",
        "lifecycle",
        "rlang"
      ]
    },
    "viridisLite": {
      "Package": "viridisLite",
      "Version": "0.4.2",
      "Source": "Repository",
      "Requirements": [
        "R"
      ]
    },
    "withr": {
      "Package": "withr",
      "Version": "3.0.2",
      "Source": "Repository",
      "Requirements": [
        "R",
        "graphics",
        "grDevices"
      ]
    },
    "xml2": {
      "Package": "xml2",
      "Version": "1.3.8",
      "Source": "Repository",
      "Requirements": [
        "R",
        "cli",
        "methods",
        "rlang"
      ]
    },
    "zip": {
      "Package": "zip",
      "Version": "2.3.3",
      "Source": "Repository",
      "Requirements": []
    }
  }
}
